// !$*UTF8*$!
{
	archiveVersion = 1;
	classes = {
	};
	objectVersion = 46;
	objects = {

/* Begin PBXAggregateTarget section */
		0915C7B81D1800F7007A41EE /* autoTool */ = {
			isa = PBXAggregateTarget;
			buildConfigurationList = 0915C7B91D1800F7007A41EE /* Build configuration list for PBXAggregateTarget "autoTool" */;
			buildPhases = (
				0915C7BC1D18010C007A41EE /* ShellScript */,
			);
			dependencies = (
			);
			name = autoTool;
			productName = autoTool;
		};
/* End PBXAggregateTarget section */

/* Begin PBXBuildFile section */
		0915C7BD1D180E3B007A41EE /* CCModel.h in Headers */ = {isa = PBXBuildFile; fileRef = 092482041D17AEC800622970 /* CCModel.h */; settings = {ATTRIBUTES = (Public, ); }; };
		092482091D17AEC800622970 /* CCModel.framework in Frameworks */ = {isa = PBXBuildFile; fileRef = 092482021D17AEC800622970 /* CCModel.framework */; settings = {ATTRIBUTES = (Required, ); }; };
		092482121D17F83300622970 /* CCDBHelper.h in Headers */ = {isa = PBXBuildFile; fileRef = 0924820F1D17F83300622970 /* CCDBHelper.h */; settings = {ATTRIBUTES = (Public, ); }; };
		092482131D17F83300622970 /* CCDBHelper.m in Sources */ = {isa = PBXBuildFile; fileRef = 092482101D17F83300622970 /* CCDBHelper.m */; };
		092482141D17F83300622970 /* CCModel.m in Sources */ = {isa = PBXBuildFile; fileRef = 092482111D17F83300622970 /* CCModel.m */; };
		09F934AD1D184F1200049555 /* libsqlite3.tbd in Frameworks */ = {isa = PBXBuildFile; fileRef = 09F934AC1D184F1200049555 /* libsqlite3.tbd */; };
		610FA0101B43D36F00CA50C6 /* main.m in Sources */ = {isa = PBXBuildFile; fileRef = 610FA00F1B43D36F00CA50C6 /* main.m */; };
		610FA0131B43D36F00CA50C6 /* AppDelegate.m in Sources */ = {isa = PBXBuildFile; fileRef = 610FA0121B43D36F00CA50C6 /* AppDelegate.m */; };
		610FA01B1B43D36F00CA50C6 /* Images.xcassets in Resources */ = {isa = PBXBuildFile; fileRef = 610FA01A1B43D36F00CA50C6 /* Images.xcassets */; };
		610FA01E1B43D36F00CA50C6 /* LaunchScreen.xib in Resources */ = {isa = PBXBuildFile; fileRef = 610FA01C1B43D36F00CA50C6 /* LaunchScreen.xib */; };
		610FA0371B43D42E00CA50C6 /* Main.storyboard in Resources */ = {isa = PBXBuildFile; fileRef = 610FA0341B43D42E00CA50C6 /* Main.storyboard */; };
		610FA0381B43D42E00CA50C6 /* ViewController.m in Sources */ = {isa = PBXBuildFile; fileRef = 610FA0361B43D42E00CA50C6 /* ViewController.m */; };
		610FA03E1B43D43B00CA50C6 /* Depart.m in Sources */ = {isa = PBXBuildFile; fileRef = 610FA03B1B43D43B00CA50C6 /* Depart.m */; };
		610FA03F1B43D43B00CA50C6 /* User.m in Sources */ = {isa = PBXBuildFile; fileRef = 610FA03D1B43D43B00CA50C6 /* User.m */; };
		6157C3A51B5B3A1800592F3F /* QueryTableViewController.m in Sources */ = {isa = PBXBuildFile; fileRef = 6157C3A41B5B3A1800592F3F /* QueryTableViewController.m */; };
		89CF52DC99D819A485A006C5 /* libPods-CCModelDemo.a in Frameworks */ = {isa = PBXBuildFile; fileRef = 55C61505F3DE36AE1E11DF48 /* libPods-CCModelDemo.a */; };
		A3D729DD0E9B2D331FF0901A /* libPods-CCModel.a in Frameworks */ = {isa = PBXBuildFile; fileRef = B8C89D7EC5CE4158A333C853 /* libPods-CCModel.a */; };
/* End PBXBuildFile section */

/* Begin PBXContainerItemProxy section */
		092482071D17AEC800622970 /* PBXContainerItemProxy */ = {
			isa = PBXContainerItemProxy;
			containerPortal = 610FA0021B43D36F00CA50C6 /* Project object */;
			proxyType = 1;
			remoteGlobalIDString = 092482011D17AEC800622970;
			remoteInfo = CCModel;
		};
/* End PBXContainerItemProxy section */

/* Begin PBXCopyFilesBuildPhase section */
		0924820E1D17AEC800622970 /* Embed Frameworks */ = {
			isa = PBXCopyFilesBuildPhase;
			buildActionMask = 2147483647;
			dstPath = "";
			dstSubfolderSpec = 10;
			files = (
			);
			name = "Embed Frameworks";
			runOnlyForDeploymentPostprocessing = 0;
		};
/* End PBXCopyFilesBuildPhase section */

/* Begin PBXFileReference section */
		092482021D17AEC800622970 /* CCModel.framework */ = {isa = PBXFileReference; explicitFileType = wrapper.framework; includeInIndex = 0; path = CCModel.framework; sourceTree = BUILT_PRODUCTS_DIR; };
		092482041D17AEC800622970 /* CCModel.h */ = {isa = PBXFileReference; lastKnownFileType = sourcecode.c.h; path = CCModel.h; sourceTree = "<group>"; };
		092482061D17AEC800622970 /* Info.plist */ = {isa = PBXFileReference; lastKnownFileType = text.plist.xml; path = Info.plist; sourceTree = "<group>"; };
		0924820F1D17F83300622970 /* CCDBHelper.h */ = {isa = PBXFileReference; fileEncoding = 4; lastKnownFileType = sourcecode.c.h; path = CCDBHelper.h; sourceTree = "<group>"; };
		092482101D17F83300622970 /* CCDBHelper.m */ = {isa = PBXFileReference; fileEncoding = 4; lastKnownFileType = sourcecode.c.objc; path = CCDBHelper.m; sourceTree = "<group>"; };
		092482111D17F83300622970 /* CCModel.m */ = {isa = PBXFileReference; fileEncoding = 4; lastKnownFileType = sourcecode.c.objc; path = CCModel.m; sourceTree = "<group>"; };
		094B0BD61D179A9100E09BDD /* CCModel.h */ = {isa = PBXFileReference; fileEncoding = 4; lastKnownFileType = sourcecode.c.h; path = CCModel.h; sourceTree = "<group>"; };
		094B0BD71D179A9100E09BDD /* CCModel.m */ = {isa = PBXFileReference; fileEncoding = 4; lastKnownFileType = sourcecode.c.objc; path = CCModel.m; sourceTree = "<group>"; };
		09F934AC1D184F1200049555 /* libsqlite3.tbd */ = {isa = PBXFileReference; lastKnownFileType = "sourcecode.text-based-dylib-definition"; name = libsqlite3.tbd; path = usr/lib/libsqlite3.tbd; sourceTree = SDKROOT; };
		1364ED467F6213C81F0BF6BD /* Pods-CCModelDemo.release.xcconfig */ = {isa = PBXFileReference; includeInIndex = 1; lastKnownFileType = text.xcconfig; name = "Pods-CCModelDemo.release.xcconfig"; path = "Pods/Target Support Files/Pods-CCModelDemo/Pods-CCModelDemo.release.xcconfig"; sourceTree = "<group>"; };
		2E046D87E2B8DC22B796FC92 /* Pods-CCModelDemo.debug.xcconfig */ = {isa = PBXFileReference; includeInIndex = 1; lastKnownFileType = text.xcconfig; name = "Pods-CCModelDemo.debug.xcconfig"; path = "Pods/Target Support Files/Pods-CCModelDemo/Pods-CCModelDemo.debug.xcconfig"; sourceTree = "<group>"; };
		55C61505F3DE36AE1E11DF48 /* libPods-CCModelDemo.a */ = {isa = PBXFileReference; explicitFileType = archive.ar; includeInIndex = 0; path = "libPods-CCModelDemo.a"; sourceTree = BUILT_PRODUCTS_DIR; };
		610FA00A1B43D36F00CA50C6 /* CCModel.app */ = {isa = PBXFileReference; explicitFileType = wrapper.application; includeInIndex = 0; path = CCModel.app; sourceTree = BUILT_PRODUCTS_DIR; };
		610FA00E1B43D36F00CA50C6 /* Info.plist */ = {isa = PBXFileReference; lastKnownFileType = text.plist.xml; path = Info.plist; sourceTree = "<group>"; };
		610FA00F1B43D36F00CA50C6 /* main.m */ = {isa = PBXFileReference; lastKnownFileType = sourcecode.c.objc; path = main.m; sourceTree = "<group>"; };
		610FA0111B43D36F00CA50C6 /* AppDelegate.h */ = {isa = PBXFileReference; lastKnownFileType = sourcecode.c.h; path = AppDelegate.h; sourceTree = "<group>"; };
		610FA0121B43D36F00CA50C6 /* AppDelegate.m */ = {isa = PBXFileReference; lastKnownFileType = sourcecode.c.objc; path = AppDelegate.m; sourceTree = "<group>"; };
		610FA01A1B43D36F00CA50C6 /* Images.xcassets */ = {isa = PBXFileReference; lastKnownFileType = folder.assetcatalog; path = Images.xcassets; sourceTree = "<group>"; };
		610FA01D1B43D36F00CA50C6 /* Base */ = {isa = PBXFileReference; lastKnownFileType = file.xib; name = Base; path = Base.lproj/LaunchScreen.xib; sourceTree = "<group>"; };
		610FA0341B43D42E00CA50C6 /* Main.storyboard */ = {isa = PBXFileReference; fileEncoding = 4; lastKnownFileType = file.storyboard; path = Main.storyboard; sourceTree = "<group>"; };
		610FA0351B43D42E00CA50C6 /* ViewController.h */ = {isa = PBXFileReference; fileEncoding = 4; lastKnownFileType = sourcecode.c.h; path = ViewController.h; sourceTree = "<group>"; };
		610FA0361B43D42E00CA50C6 /* ViewController.m */ = {isa = PBXFileReference; fileEncoding = 4; lastKnownFileType = sourcecode.c.objc; path = ViewController.m; sourceTree = "<group>"; };
		610FA03A1B43D43B00CA50C6 /* Depart.h */ = {isa = PBXFileReference; fileEncoding = 4; lastKnownFileType = sourcecode.c.h; path = Depart.h; sourceTree = "<group>"; };
		610FA03B1B43D43B00CA50C6 /* Depart.m */ = {isa = PBXFileReference; fileEncoding = 4; lastKnownFileType = sourcecode.c.objc; path = Depart.m; sourceTree = "<group>"; };
		610FA03C1B43D43B00CA50C6 /* User.h */ = {isa = PBXFileReference; fileEncoding = 4; lastKnownFileType = sourcecode.c.h; path = User.h; sourceTree = "<group>"; };
		610FA03D1B43D43B00CA50C6 /* User.m */ = {isa = PBXFileReference; fileEncoding = 4; lastKnownFileType = sourcecode.c.objc; path = User.m; sourceTree = "<group>"; };
		610FA0411B43D44300CA50C6 /* CCDBHelper.h */ = {isa = PBXFileReference; fileEncoding = 4; lastKnownFileType = sourcecode.c.h; path = CCDBHelper.h; sourceTree = "<group>"; };
		610FA0421B43D44300CA50C6 /* CCDBHelper.m */ = {isa = PBXFileReference; fileEncoding = 4; lastKnownFileType = sourcecode.c.objc; path = CCDBHelper.m; sourceTree = "<group>"; };
		6157C3A31B5B3A1800592F3F /* QueryTableViewController.h */ = {isa = PBXFileReference; fileEncoding = 4; lastKnownFileType = sourcecode.c.h; path = QueryTableViewController.h; sourceTree = "<group>"; };
		6157C3A41B5B3A1800592F3F /* QueryTableViewController.m */ = {isa = PBXFileReference; fileEncoding = 4; lastKnownFileType = sourcecode.c.objc; path = QueryTableViewController.m; sourceTree = "<group>"; };
		9A378099B707B7625A2BC72E /* Pods-CCModel.release.xcconfig */ = {isa = PBXFileReference; includeInIndex = 1; lastKnownFileType = text.xcconfig; name = "Pods-CCModel.release.xcconfig"; path = "Pods/Target Support Files/Pods-CCModel/Pods-CCModel.release.xcconfig"; sourceTree = "<group>"; };
		B8C89D7EC5CE4158A333C853 /* libPods-CCModel.a */ = {isa = PBXFileReference; explicitFileType = archive.ar; includeInIndex = 0; path = "libPods-CCModel.a"; sourceTree = BUILT_PRODUCTS_DIR; };
		F502C33B55BE401200137B40 /* Pods-CCModel.debug.xcconfig */ = {isa = PBXFileReference; includeInIndex = 1; lastKnownFileType = text.xcconfig; name = "Pods-CCModel.debug.xcconfig"; path = "Pods/Target Support Files/Pods-CCModel/Pods-CCModel.debug.xcconfig"; sourceTree = "<group>"; };
/* End PBXFileReference section */

/* Begin PBXFrameworksBuildPhase section */
		092481FE1D17AEC800622970 /* Frameworks */ = {
			isa = PBXFrameworksBuildPhase;
			buildActionMask = 2147483647;
			files = (
				A3D729DD0E9B2D331FF0901A /* libPods-CCModel.a in Frameworks */,
			);
			runOnlyForDeploymentPostprocessing = 0;
		};
		610FA0071B43D36F00CA50C6 /* Frameworks */ = {
			isa = PBXFrameworksBuildPhase;
			buildActionMask = 2147483647;
			files = (
				09F934AD1D184F1200049555 /* libsqlite3.tbd in Frameworks */,
				092482091D17AEC800622970 /* CCModel.framework in Frameworks */,
				89CF52DC99D819A485A006C5 /* libPods-CCModelDemo.a in Frameworks */,
			);
			runOnlyForDeploymentPostprocessing = 0;
		};
/* End PBXFrameworksBuildPhase section */

/* Begin PBXGroup section */
		092482031D17AEC800622970 /* CCModel */ = {
			isa = PBXGroup;
			children = (
				0924820F1D17F83300622970 /* CCDBHelper.h */,
				092482101D17F83300622970 /* CCDBHelper.m */,
				092482111D17F83300622970 /* CCModel.m */,
				092482041D17AEC800622970 /* CCModel.h */,
				092482061D17AEC800622970 /* Info.plist */,
			);
			path = CCModel;
			sourceTree = "<group>";
		};
		29104E1F05F3D150D4D4CE77 /* Frameworks */ = {
			isa = PBXGroup;
			children = (
				09F934AC1D184F1200049555 /* libsqlite3.tbd */,
				B8C89D7EC5CE4158A333C853 /* libPods-CCModel.a */,
				55C61505F3DE36AE1E11DF48 /* libPods-CCModelDemo.a */,
			);
			name = Frameworks;
			sourceTree = "<group>";
		};
		610FA0011B43D36F00CA50C6 = {
			isa = PBXGroup;
			children = (
				610FA00C1B43D36F00CA50C6 /* CCModelDemo */,
				092482031D17AEC800622970 /* CCModel */,
				610FA00B1B43D36F00CA50C6 /* Products */,
				9EF33D71BC010DE4A6AC12C7 /* Pods */,
				29104E1F05F3D150D4D4CE77 /* Frameworks */,
			);
			sourceTree = "<group>";
		};
		610FA00B1B43D36F00CA50C6 /* Products */ = {
			isa = PBXGroup;
			children = (
				610FA00A1B43D36F00CA50C6 /* CCModel.app */,
				092482021D17AEC800622970 /* CCModel.framework */,
			);
			name = Products;
			sourceTree = "<group>";
		};
		610FA00C1B43D36F00CA50C6 /* CCModelDemo */ = {
			isa = PBXGroup;
			children = (
				610FA0401B43D44300CA50C6 /* CCModel */,
				610FA0391B43D43B00CA50C6 /* Models */,
				610FA0331B43D42E00CA50C6 /* Controllers */,
				610FA01A1B43D36F00CA50C6 /* Images.xcassets */,
				610FA01C1B43D36F00CA50C6 /* LaunchScreen.xib */,
				610FA00D1B43D36F00CA50C6 /* Supporting Files */,
			);
			path = CCModelDemo;
			sourceTree = "<group>";
		};
		610FA00D1B43D36F00CA50C6 /* Supporting Files */ = {
			isa = PBXGroup;
			children = (
				610FA0121B43D36F00CA50C6 /* AppDelegate.m */,
				610FA0111B43D36F00CA50C6 /* AppDelegate.h */,
				610FA00E1B43D36F00CA50C6 /* Info.plist */,
				610FA00F1B43D36F00CA50C6 /* main.m */,
			);
			name = "Supporting Files";
			sourceTree = "<group>";
		};
		610FA0331B43D42E00CA50C6 /* Controllers */ = {
			isa = PBXGroup;
			children = (
				6157C3A31B5B3A1800592F3F /* QueryTableViewController.h */,
				6157C3A41B5B3A1800592F3F /* QueryTableViewController.m */,
				610FA0341B43D42E00CA50C6 /* Main.storyboard */,
				610FA0351B43D42E00CA50C6 /* ViewController.h */,
				610FA0361B43D42E00CA50C6 /* ViewController.m */,
			);
			path = Controllers;
			sourceTree = "<group>";
		};
		610FA0391B43D43B00CA50C6 /* Models */ = {
			isa = PBXGroup;
			children = (
				610FA03A1B43D43B00CA50C6 /* Depart.h */,
				610FA03B1B43D43B00CA50C6 /* Depart.m */,
				610FA03C1B43D43B00CA50C6 /* User.h */,
				610FA03D1B43D43B00CA50C6 /* User.m */,
			);
			path = Models;
			sourceTree = "<group>";
		};
		610FA0401B43D44300CA50C6 /* CCModel */ = {
			isa = PBXGroup;
			children = (
				094B0BD61D179A9100E09BDD /* CCModel.h */,
				094B0BD71D179A9100E09BDD /* CCModel.m */,
				610FA0411B43D44300CA50C6 /* CCDBHelper.h */,
				610FA0421B43D44300CA50C6 /* CCDBHelper.m */,
			);
			path = CCModel;
			sourceTree = "<group>";
		};
		9EF33D71BC010DE4A6AC12C7 /* Pods */ = {
			isa = PBXGroup;
			children = (
				F502C33B55BE401200137B40 /* Pods-CCModel.debug.xcconfig */,
				9A378099B707B7625A2BC72E /* Pods-CCModel.release.xcconfig */,
				2E046D87E2B8DC22B796FC92 /* Pods-CCModelDemo.debug.xcconfig */,
				1364ED467F6213C81F0BF6BD /* Pods-CCModelDemo.release.xcconfig */,
			);
			name = Pods;
			sourceTree = "<group>";
		};
/* End PBXGroup section */

/* Begin PBXHeadersBuildPhase section */
		092481FF1D17AEC800622970 /* Headers */ = {
			isa = PBXHeadersBuildPhase;
			buildActionMask = 2147483647;
			files = (
				092482121D17F83300622970 /* CCDBHelper.h in Headers */,
				0915C7BD1D180E3B007A41EE /* CCModel.h in Headers */,
			);
			runOnlyForDeploymentPostprocessing = 0;
		};
/* End PBXHeadersBuildPhase section */

/* Begin PBXNativeTarget section */
		092482011D17AEC800622970 /* CCModel */ = {
			isa = PBXNativeTarget;
			buildConfigurationList = 0924820B1D17AEC800622970 /* Build configuration list for PBXNativeTarget "CCModel" */;
			buildPhases = (
				CCD0DC714BD578CC82E83E46 /* 📦 Check Pods Manifest.lock */,
				092481FD1D17AEC800622970 /* Sources */,
				092481FE1D17AEC800622970 /* Frameworks */,
				092481FF1D17AEC800622970 /* Headers */,
				092482001D17AEC800622970 /* Resources */,
				4D664EDF0BE1F5150FD330EF /* 📦 Copy Pods Resources */,
			);
			buildRules = (
			);
			dependencies = (
			);
			name = CCModel;
			productName = CCModel;
			productReference = 092482021D17AEC800622970 /* CCModel.framework */;
			productType = "com.apple.product-type.framework";
		};
		610FA0091B43D36F00CA50C6 /* CCModelDemo */ = {
			isa = PBXNativeTarget;
			buildConfigurationList = 610FA02D1B43D36F00CA50C6 /* Build configuration list for PBXNativeTarget "CCModelDemo" */;
			buildPhases = (
				F63F4975D7671F87D3B9B1C9 /* 📦 Check Pods Manifest.lock */,
				610FA0061B43D36F00CA50C6 /* Sources */,
				610FA0071B43D36F00CA50C6 /* Frameworks */,
				610FA0081B43D36F00CA50C6 /* Resources */,
				0924820E1D17AEC800622970 /* Embed Frameworks */,
				D41C5A1F50F247F776C2D7D0 /* 📦 Embed Pods Frameworks */,
				5067DC054258A44D2B053BD2 /* 📦 Copy Pods Resources */,
			);
			buildRules = (
			);
			dependencies = (
				092482081D17AEC800622970 /* PBXTargetDependency */,
			);
			name = CCModelDemo;
			productName = CCModel;
			productReference = 610FA00A1B43D36F00CA50C6 /* CCModel.app */;
			productType = "com.apple.product-type.application";
		};
/* End PBXNativeTarget section */

/* Begin PBXProject section */
		610FA0021B43D36F00CA50C6 /* Project object */ = {
			isa = PBXProject;
			attributes = {
				LastUpgradeCheck = 0620;
				ORGANIZATIONNAME = Mac;
				TargetAttributes = {
					0915C7B81D1800F7007A41EE = {
						CreatedOnToolsVersion = 7.3.1;
					};
					092482011D17AEC800622970 = {
						CreatedOnToolsVersion = 7.3.1;
					};
					610FA0091B43D36F00CA50C6 = {
						CreatedOnToolsVersion = 6.2;
					};
				};
			};
			buildConfigurationList = 610FA0051B43D36F00CA50C6 /* Build configuration list for PBXProject "CCModel" */;
			compatibilityVersion = "Xcode 3.2";
			developmentRegion = English;
			hasScannedForEncodings = 0;
			knownRegions = (
				en,
				Base,
			);
			mainGroup = 610FA0011B43D36F00CA50C6;
			productRefGroup = 610FA00B1B43D36F00CA50C6 /* Products */;
			projectDirPath = "";
			projectRoot = "";
			targets = (
				092482011D17AEC800622970 /* CCModel */,
				610FA0091B43D36F00CA50C6 /* CCModelDemo */,
				0915C7B81D1800F7007A41EE /* autoTool */,
			);
		};
/* End PBXProject section */

/* Begin PBXResourcesBuildPhase section */
		092482001D17AEC800622970 /* Resources */ = {
			isa = PBXResourcesBuildPhase;
			buildActionMask = 2147483647;
			files = (
			);
			runOnlyForDeploymentPostprocessing = 0;
		};
		610FA0081B43D36F00CA50C6 /* Resources */ = {
			isa = PBXResourcesBuildPhase;
			buildActionMask = 2147483647;
			files = (
				610FA01E1B43D36F00CA50C6 /* LaunchScreen.xib in Resources */,
				610FA01B1B43D36F00CA50C6 /* Images.xcassets in Resources */,
				610FA0371B43D42E00CA50C6 /* Main.storyboard in Resources */,
			);
			runOnlyForDeploymentPostprocessing = 0;
		};
/* End PBXResourcesBuildPhase section */

/* Begin PBXShellScriptBuildPhase section */
		0915C7BC1D18010C007A41EE /* ShellScript */ = {
			isa = PBXShellScriptBuildPhase;
			buildActionMask = 2147483647;
			files = (
			);
			inputPaths = (
			);
			outputPaths = (
			);
			runOnlyForDeploymentPostprocessing = 0;
			shellPath = /bin/sh;
			shellScript = "# Sets the target folders and the final framework product.\n# 如果工程名称和Framework的Target名称不一样的话，要自定义FMKNAME\n# 例如: FMK_NAME = \"MyFramework\"\nFMK_NAME=${PROJECT_NAME}\n# Install dir will be the final output to the framework.\n# The following line create it in the root folder of the current project.\nINSTALL_DIR=${SRCROOT}/Products/${FMK_NAME}.framework\n# Working dir will be deleted after the framework creation.\nWRK_DIR=build\nDEVICE_DIR=${WRK_DIR}/Release-iphoneos/${FMK_NAME}.framework\nSIMULATOR_DIR=${WRK_DIR}/Release-iphonesimulator/${FMK_NAME}.framework\n# -configuration ${CONFIGURATION}\n# Clean and Building both architectures.\nxcodebuild -configuration \"Release\" -target \"${FMK_NAME}\" -sdk iphoneos clean build\nxcodebuild -configuration \"Release\" -target \"${FMK_NAME}\" -sdk iphonesimulator clean build\n# Cleaning the oldest.\nif [ -d \"${INSTALL_DIR}\" ]\nthen\nrm -rf \"${INSTALL_DIR}\"\nfi\nmkdir -p \"${INSTALL_DIR}\"\ncp -R \"${DEVICE_DIR}/\" \"${INSTALL_DIR}/\"\n# Uses the Lipo Tool to merge both binary files (i386 + armv6/armv7) into one Universal final product.\nlipo -create \"${DEVICE_DIR}/${FMK_NAME}\" \"${SIMULATOR_DIR}/${FMK_NAME}\" -output \"${INSTALL_DIR}/${FMK_NAME}\"\nrm -r \"${WRK_DIR}\"\nopen \"${INSTALL_DIR}\"";
		};
		4D664EDF0BE1F5150FD330EF /* 📦 Copy Pods Resources */ = {
			isa = PBXShellScriptBuildPhase;
			buildActionMask = 2147483647;
			files = (
			);
			inputPaths = (
			);
			name = "📦 Copy Pods Resources";
			outputPaths = (
			);
			runOnlyForDeploymentPostprocessing = 0;
			shellPath = /bin/sh;
			shellScript = "\"${SRCROOT}/Pods/Target Support Files/Pods-CCModel/Pods-CCModel-resources.sh\"\n";
			showEnvVarsInLog = 0;
		};
		5067DC054258A44D2B053BD2 /* 📦 Copy Pods Resources */ = {
			isa = PBXShellScriptBuildPhase;
			buildActionMask = 2147483647;
			files = (
			);
			inputPaths = (
			);
			name = "📦 Copy Pods Resources";
			outputPaths = (
			);
			runOnlyForDeploymentPostprocessing = 0;
			shellPath = /bin/sh;
			shellScript = "\"${SRCROOT}/Pods/Target Support Files/Pods-CCModelDemo/Pods-CCModelDemo-resources.sh\"\n";
			showEnvVarsInLog = 0;
		};
		CCD0DC714BD578CC82E83E46 /* 📦 Check Pods Manifest.lock */ = {
			isa = PBXShellScriptBuildPhase;
			buildActionMask = 2147483647;
			files = (
			);
			inputPaths = (
			);
			name = "📦 Check Pods Manifest.lock";
			outputPaths = (
			);
			runOnlyForDeploymentPostprocessing = 0;
			shellPath = /bin/sh;
			shellScript = "diff \"${PODS_ROOT}/../Podfile.lock\" \"${PODS_ROOT}/Manifest.lock\" > /dev/null\nif [[ $? != 0 ]] ; then\n    cat << EOM\nerror: The sandbox is not in sync with the Podfile.lock. Run 'pod install' or update your CocoaPods installation.\nEOM\n    exit 1\nfi\n";
			showEnvVarsInLog = 0;
		};
		D41C5A1F50F247F776C2D7D0 /* 📦 Embed Pods Frameworks */ = {
			isa = PBXShellScriptBuildPhase;
			buildActionMask = 2147483647;
			files = (
			);
			inputPaths = (
			);
			name = "📦 Embed Pods Frameworks";
			outputPaths = (
			);
			runOnlyForDeploymentPostprocessing = 0;
			shellPath = /bin/sh;
			shellScript = "\"${SRCROOT}/Pods/Target Support Files/Pods-CCModelDemo/Pods-CCModelDemo-frameworks.sh\"\n";
			showEnvVarsInLog = 0;
		};
		F63F4975D7671F87D3B9B1C9 /* 📦 Check Pods Manifest.lock */ = {
			isa = PBXShellScriptBuildPhase;
			buildActionMask = 2147483647;
			files = (
			);
			inputPaths = (
			);
			name = "📦 Check Pods Manifest.lock";
			outputPaths = (
			);
			runOnlyForDeploymentPostprocessing = 0;
			shellPath = /bin/sh;
			shellScript = "diff \"${PODS_ROOT}/../Podfile.lock\" \"${PODS_ROOT}/Manifest.lock\" > /dev/null\nif [[ $? != 0 ]] ; then\n    cat << EOM\nerror: The sandbox is not in sync with the Podfile.lock. Run 'pod install' or update your CocoaPods installation.\nEOM\n    exit 1\nfi\n";
			showEnvVarsInLog = 0;
		};
/* End PBXShellScriptBuildPhase section */

/* Begin PBXSourcesBuildPhase section */
		092481FD1D17AEC800622970 /* Sources */ = {
			isa = PBXSourcesBuildPhase;
			buildActionMask = 2147483647;
			files = (
				092482131D17F83300622970 /* CCDBHelper.m in Sources */,
				092482141D17F83300622970 /* CCModel.m in Sources */,
			);
			runOnlyForDeploymentPostprocessing = 0;
		};
		610FA0061B43D36F00CA50C6 /* Sources */ = {
			isa = PBXSourcesBuildPhase;
			buildActionMask = 2147483647;
			files = (
				610FA0131B43D36F00CA50C6 /* AppDelegate.m in Sources */,
				610FA03F1B43D43B00CA50C6 /* User.m in Sources */,
				6157C3A51B5B3A1800592F3F /* QueryTableViewController.m in Sources */,
				610FA0381B43D42E00CA50C6 /* ViewController.m in Sources */,
				610FA03E1B43D43B00CA50C6 /* Depart.m in Sources */,
				610FA0101B43D36F00CA50C6 /* main.m in Sources */,
			);
			runOnlyForDeploymentPostprocessing = 0;
		};
/* End PBXSourcesBuildPhase section */

/* Begin PBXTargetDependency section */
		092482081D17AEC800622970 /* PBXTargetDependency */ = {
			isa = PBXTargetDependency;
			target = 092482011D17AEC800622970 /* CCModel */;
			targetProxy = 092482071D17AEC800622970 /* PBXContainerItemProxy */;
		};
/* End PBXTargetDependency section */

/* Begin PBXVariantGroup section */
		610FA01C1B43D36F00CA50C6 /* LaunchScreen.xib */ = {
			isa = PBXVariantGroup;
			children = (
				610FA01D1B43D36F00CA50C6 /* Base */,
			);
			name = LaunchScreen.xib;
			sourceTree = "<group>";
		};
/* End PBXVariantGroup section */

/* Begin XCBuildConfiguration section */
		0915C7BA1D1800F7007A41EE /* Debug */ = {
			isa = XCBuildConfiguration;
			buildSettings = {
				PRODUCT_NAME = "$(TARGET_NAME)";
			};
			name = Debug;
		};
		0915C7BB1D1800F7007A41EE /* Release */ = {
			isa = XCBuildConfiguration;
			buildSettings = {
				PRODUCT_NAME = "$(TARGET_NAME)";
			};
			name = Release;
		};
		0924820C1D17AEC800622970 /* Debug */ = {
			isa = XCBuildConfiguration;
			baseConfigurationReference = F502C33B55BE401200137B40 /* Pods-CCModel.debug.xcconfig */;
			buildSettings = {
				CLANG_ALLOW_NON_MODULAR_INCLUDES_IN_FRAMEWORK_MODULES = YES;
				CLANG_ANALYZER_NONNULL = YES;
				CURRENT_PROJECT_VERSION = 1;
				DEBUG_INFORMATION_FORMAT = dwarf;
				DEFINES_MODULE = YES;
				DYLIB_COMPATIBILITY_VERSION = 1;
				DYLIB_CURRENT_VERSION = 1;
				DYLIB_INSTALL_NAME_BASE = "@rpath";
				ENABLE_TESTABILITY = YES;
				GCC_NO_COMMON_BLOCKS = YES;
				INFOPLIST_FILE = CCModel/Info.plist;
				INSTALL_PATH = "$(LOCAL_LIBRARY_DIR)/Frameworks";
				IPHONEOS_DEPLOYMENT_TARGET = 9.3;
				LD_RUNPATH_SEARCH_PATHS = "$(inherited) @executable_path/Frameworks @loader_path/Frameworks";
				MACH_O_TYPE = staticlib;
				PRODUCT_BUNDLE_IDENTIFIER = com.xiongcaichang..CCModel;
				PRODUCT_NAME = "$(TARGET_NAME)";
				SKIP_INSTALL = YES;
				TARGETED_DEVICE_FAMILY = "1,2";
				VERSIONING_SYSTEM = "apple-generic";
				VERSION_INFO_PREFIX = "";
			};
			name = Debug;
		};
		0924820D1D17AEC800622970 /* Release */ = {
			isa = XCBuildConfiguration;
			baseConfigurationReference = 9A378099B707B7625A2BC72E /* Pods-CCModel.release.xcconfig */;
			buildSettings = {
				CLANG_ALLOW_NON_MODULAR_INCLUDES_IN_FRAMEWORK_MODULES = YES;
				CLANG_ANALYZER_NONNULL = YES;
				CURRENT_PROJECT_VERSION = 1;
				DEBUG_INFORMATION_FORMAT = "dwarf-with-dsym";
				DEFINES_MODULE = YES;
				DYLIB_COMPATIBILITY_VERSION = 1;
				DYLIB_CURRENT_VERSION = 1;
				DYLIB_INSTALL_NAME_BASE = "@rpath";
				GCC_NO_COMMON_BLOCKS = YES;
				INFOPLIST_FILE = CCModel/Info.plist;
				INSTALL_PATH = "$(LOCAL_LIBRARY_DIR)/Frameworks";
				IPHONEOS_DEPLOYMENT_TARGET = 9.3;
				LD_RUNPATH_SEARCH_PATHS = "$(inherited) @executable_path/Frameworks @loader_path/Frameworks";
				MACH_O_TYPE = staticlib;
				PRODUCT_BUNDLE_IDENTIFIER = com.xiongcaichang..CCModel;
				PRODUCT_NAME = "$(TARGET_NAME)";
				SKIP_INSTALL = YES;
				TARGETED_DEVICE_FAMILY = "1,2";
				VERSIONING_SYSTEM = "apple-generic";
				VERSION_INFO_PREFIX = "";
			};
			name = Release;
		};
		610FA02B1B43D36F00CA50C6 /* Debug */ = {
			isa = XCBuildConfiguration;
			buildSettings = {
				ALWAYS_SEARCH_USER_PATHS = NO;
				CLANG_CXX_LANGUAGE_STANDARD = "gnu++0x";
				CLANG_CXX_LIBRARY = "libc++";
				CLANG_ENABLE_MODULES = YES;
				CLANG_ENABLE_OBJC_ARC = YES;
				CLANG_WARN_BOOL_CONVERSION = YES;
				CLANG_WARN_CONSTANT_CONVERSION = YES;
				CLANG_WARN_DIRECT_OBJC_ISA_USAGE = YES_ERROR;
				CLANG_WARN_EMPTY_BODY = YES;
				CLANG_WARN_ENUM_CONVERSION = YES;
				CLANG_WARN_INT_CONVERSION = YES;
				CLANG_WARN_OBJC_ROOT_CLASS = YES_ERROR;
				CLANG_WARN_UNREACHABLE_CODE = YES;
				CLANG_WARN__DUPLICATE_METHOD_MATCH = YES;
				"CODE_SIGN_IDENTITY[sdk=iphoneos*]" = "iPhone Developer";
				COPY_PHASE_STRIP = NO;
				EMBEDDED_CONTENT_CONTAINS_SWIFT = NO;
				EMBED_ASSET_PACKS_IN_PRODUCT_BUNDLE = NO;
				ENABLE_BITCODE = YES;
				ENABLE_STRICT_OBJC_MSGSEND = YES;
				GCC_C_LANGUAGE_STANDARD = gnu99;
				GCC_DYNAMIC_NO_PIC = NO;
				GCC_OPTIMIZATION_LEVEL = 0;
				GCC_PREPROCESSOR_DEFINITIONS = (
					"DEBUG=1",
					"$(inherited)",
				);
				GCC_SYMBOLS_PRIVATE_EXTERN = NO;
				GCC_WARN_64_TO_32_BIT_CONVERSION = YES;
				GCC_WARN_ABOUT_RETURN_TYPE = YES_ERROR;
				GCC_WARN_UNDECLARED_SELECTOR = YES;
				GCC_WARN_UNINITIALIZED_AUTOS = YES_AGGRESSIVE;
				GCC_WARN_UNUSED_FUNCTION = YES;
				GCC_WARN_UNUSED_VARIABLE = YES;
				IPHONEOS_DEPLOYMENT_TARGET = 8.0;
				MTL_ENABLE_DEBUG_INFO = YES;
				ONLY_ACTIVE_ARCH = YES;
				SDKROOT = iphoneos;
			};
			name = Debug;
		};
		610FA02C1B43D36F00CA50C6 /* Release */ = {
			isa = XCBuildConfiguration;
			buildSettings = {
				ALWAYS_SEARCH_USER_PATHS = NO;
				CLANG_CXX_LANGUAGE_STANDARD = "gnu++0x";
				CLANG_CXX_LIBRARY = "libc++";
				CLANG_ENABLE_MODULES = YES;
				CLANG_ENABLE_OBJC_ARC = YES;
				CLANG_WARN_BOOL_CONVERSION = YES;
				CLANG_WARN_CONSTANT_CONVERSION = YES;
				CLANG_WARN_DIRECT_OBJC_ISA_USAGE = YES_ERROR;
				CLANG_WARN_EMPTY_BODY = YES;
				CLANG_WARN_ENUM_CONVERSION = YES;
				CLANG_WARN_INT_CONVERSION = YES;
				CLANG_WARN_OBJC_ROOT_CLASS = YES_ERROR;
				CLANG_WARN_UNREACHABLE_CODE = YES;
				CLANG_WARN__DUPLICATE_METHOD_MATCH = YES;
				"CODE_SIGN_IDENTITY[sdk=iphoneos*]" = "iPhone Developer";
				COPY_PHASE_STRIP = NO;
				EMBEDDED_CONTENT_CONTAINS_SWIFT = NO;
				EMBED_ASSET_PACKS_IN_PRODUCT_BUNDLE = NO;
				ENABLE_BITCODE = YES;
				ENABLE_NS_ASSERTIONS = NO;
				ENABLE_STRICT_OBJC_MSGSEND = YES;
				GCC_C_LANGUAGE_STANDARD = gnu99;
				GCC_WARN_64_TO_32_BIT_CONVERSION = YES;
				GCC_WARN_ABOUT_RETURN_TYPE = YES_ERROR;
				GCC_WARN_UNDECLARED_SELECTOR = YES;
				GCC_WARN_UNINITIALIZED_AUTOS = YES_AGGRESSIVE;
				GCC_WARN_UNUSED_FUNCTION = YES;
				GCC_WARN_UNUSED_VARIABLE = YES;
				IPHONEOS_DEPLOYMENT_TARGET = 8.0;
				MTL_ENABLE_DEBUG_INFO = NO;
				ONLY_ACTIVE_ARCH = YES;
				SDKROOT = iphoneos;
				VALIDATE_PRODUCT = YES;
			};
			name = Release;
		};
		610FA02E1B43D36F00CA50C6 /* Debug */ = {
			isa = XCBuildConfiguration;
			baseConfigurationReference = 2E046D87E2B8DC22B796FC92 /* Pods-CCModelDemo.debug.xcconfig */;
			buildSettings = {
				ASSETCATALOG_COMPILER_APPICON_NAME = AppIcon;
				INFOPLIST_FILE = "$(SRCROOT)/CCModelDemo/Info.plist";
				IPHONEOS_DEPLOYMENT_TARGET = 8.0;
				LD_RUNPATH_SEARCH_PATHS = "$(inherited) @executable_path/Frameworks";
				PRODUCT_NAME = CCModel;
				TARGETED_DEVICE_FAMILY = "1,2";
			};
			name = Debug;
		};
		610FA02F1B43D36F00CA50C6 /* Release */ = {
			isa = XCBuildConfiguration;
			baseConfigurationReference = 1364ED467F6213C81F0BF6BD /* Pods-CCModelDemo.release.xcconfig */;
			buildSettings = {
				ASSETCATALOG_COMPILER_APPICON_NAME = AppIcon;
				INFOPLIST_FILE = "$(SRCROOT)/CCModelDemo/Info.plist";
				IPHONEOS_DEPLOYMENT_TARGET = 8.0;
				LD_RUNPATH_SEARCH_PATHS = "$(inherited) @executable_path/Frameworks";
				PRODUCT_NAME = CCModel;
				TARGETED_DEVICE_FAMILY = "1,2";
			};
			name = Release;
		};
/* End XCBuildConfiguration section */

/* Begin XCConfigurationList section */
		0915C7B91D1800F7007A41EE /* Build configuration list for PBXAggregateTarget "autoTool" */ = {
			isa = XCConfigurationList;
			buildConfigurations = (
				0915C7BA1D1800F7007A41EE /* Debug */,
				0915C7BB1D1800F7007A41EE /* Release */,
			);
			defaultConfigurationIsVisible = 0;
			defaultConfigurationName = Release;
		};
		0924820B1D17AEC800622970 /* Build configuration list for PBXNativeTarget "CCModel" */ = {
			isa = XCConfigurationList;
			buildConfigurations = (
				0924820C1D17AEC800622970 /* Debug */,
				0924820D1D17AEC800622970 /* Release */,
			);
			defaultConfigurationIsVisible = 0;
			defaultConfigurationName = Release;
		};
		610FA0051B43D36F00CA50C6 /* Build configuration list for PBXProject "CCModel" */ = {
			isa = XCConfigurationList;
			buildConfigurations = (
				610FA02B1B43D36F00CA50C6 /* Debug */,
				610FA02C1B43D36F00CA50C6 /* Release */,
			);
			defaultConfigurationIsVisible = 0;
			defaultConfigurationName = Release;
		};
		610FA02D1B43D36F00CA50C6 /* Build configuration list for PBXNativeTarget "CCModelDemo" */ = {
			isa = XCConfigurationList;
			buildConfigurations = (
				610FA02E1B43D36F00CA50C6 /* Debug */,
				610FA02F1B43D36F00CA50C6 /* Release */,
			);
			defaultConfigurationIsVisible = 0;
			defaultConfigurationName = Release;
		};
/* End XCConfigurationList section */
	};
	rootObject = 610FA0021B43D36F00CA50C6 /* Project object */;
}
